
Microsoft Visual Studio Solution File, Format Version 12.00
# Visual Studio Version 17
VisualStudioVersion = 17.14.36310.24 d17.14
MinimumVisualStudioVersion = 10.0.40219.1
Project("{FAE04EC0-301F-11D3-BF4B-00C04F79EFBC}") = "ComponentFactory.Krypton.Design", "ComponentFactory.Krypton.Design.csproj", "{6004C98A-6642-4DCF-906C-E0ED3581978F}"
EndProject
Global
	GlobalSection(SolutionConfigurationPlatforms) = preSolution
		Debug|Any CPU = Debug|Any CPU
		Release|Any CPU = Release|Any CPU
	EndGlobalSection
	GlobalSection(ProjectConfigurationPlatforms) = postSolution
		{6004C98A-6642-4DCF-906C-E0ED3581978F}.Debug|Any CPU.ActiveCfg = Debug|Any CPU
		{6004C98A-6642-4DCF-906C-E0ED3581978F}.Debug|Any CPU.Build.0 = Debug|Any CPU
		{6004C98A-6642-4DCF-906C-E0ED3581978F}.Release|Any CPU.ActiveCfg = Release|Any CPU
		{6004C98A-6642-4DCF-906C-E0ED3581978F}.Release|Any CPU.Build.0 = Release|Any CPU
	EndGlobalSection
	GlobalSection(SolutionProperties) = preSolution
		HideSolutionNode = FALSE
	EndGlobalSection
	GlobalSection(ExtensibilityGlobals) = postSolution
		SolutionGuid = {65F46DEC-0E05-4529-B244-3E17C09B8380}
	EndGlobalSection
EndGlobal
